
Microsoft Visual Studio Solution File, Format Version 12.00
# Visual Studio 15
Project("{FAE04EC0-301F-11D3-BF4B-00C04F79EFBC}") = "Assembly-CSharp", "Assembly-CSharp.csproj", "{0DEA1256-716D-B7E5-DB00-E141D314D3A8}"
EndProject
Project("{FAE04EC0-301F-11D3-BF4B-00C04F79EFBC}") = "Assembly-CSharp-Editor", "Assembly-CSharp-Editor.csproj", "{5ABF25D9-511D-12B3-A536-7C40BE00AF74}"
EndProject
Global
	GlobalSection(SolutionConfigurationPlatforms) = preSolution
		Debug|Any CPU = Debug|Any CPU
		Release|Any CPU = Release|Any CPU
	EndGlobalSection
	GlobalSection(ProjectConfigurationPlatforms) = postSolution
		{0DEA1256-716D-B7E5-DB00-E141D314D3A8}.Debug|Any CPU.ActiveCfg = Debug|Any CPU
		{0DEA1256-716D-B7E5-DB00-E141D314D3A8}.Debug|Any CPU.Build.0 = Debug|Any CPU
		{0DEA1256-716D-B7E5-DB00-E141D314D3A8}.Release|Any CPU.ActiveCfg = Release|Any CPU
		{0DEA1256-716D-B7E5-DB00-E141D314D3A8}.Release|Any CPU.Build.0 = Release|Any CPU
		{5ABF25D9-511D-12B3-A536-7C40BE00AF74}.Debug|Any CPU.ActiveCfg = Debug|Any CPU
		{5ABF25D9-511D-12B3-A536-7C40BE00AF74}.Debug|Any CPU.Build.0 = Debug|Any CPU
		{5ABF25D9-511D-12B3-A536-7C40BE00AF74}.Release|Any CPU.ActiveCfg = Release|Any CPU
		{5ABF25D9-511D-12B3-A536-7C40BE00AF74}.Release|Any CPU.Build.0 = Release|Any CPU
	EndGlobalSection
	GlobalSection(SolutionProperties) = preSolution
		HideSolutionNode = FALSE
	EndGlobalSection
EndGlobal
